{
  "version": 4,
  "terraform_version": "1.1.5",
  "serial": 10,
  "lineage": "483bd17c-28ea-2761-2f95-747fc39782b2",
  "outputs": {},
  "resources": [
    {
      "mode": "managed",
      "type": "linode_instance",
      "name": "hack",
      "provider": "provider[\"registry.terraform.io/linode/linode\"]",
      "instances": [
        {
          "schema_version": 0,
          "attributes": {
            "alerts": [
              {
                "cpu": 90,
                "io": 10000,
                "network_in": 10,
                "network_out": 10,
                "transfer_quota": 80
              }
            ],
            "authorized_keys": null,
            "authorized_users": null,
            "backup_id": null,
            "backups": [
              {
                "enabled": false,
                "schedule": [
                  {
                    "day": "",
                    "window": ""
                  }
                ]
              }
            ],
            "backups_enabled": false,
            "boot_config_label": "My CentOS 7 Disk Profile",
            "config": [
              {
                "comments": "",
                "devices": [
                  {
                    "sda": [
                      {
                        "disk_id": 69650176,
                        "disk_label": "CentOS 7 Disk",
                        "volume_id": 0
                      }
                    ],
                    "sdb": [
                      {
                        "disk_id": 69650177,
                        "disk_label": "512 MB Swap Image",
                        "volume_id": 0
                      }
                    ],
                    "sdc": [],
                    "sdd": [],
                    "sde": [],
                    "sdf": [],
                    "sdg": [],
                    "sdh": []
                  }
                ],
                "helpers": [
                  {
                    "devtmpfs_automount": true,
                    "distro": true,
                    "modules_dep": true,
                    "network": true,
                    "updatedb_disabled": true
                  }
                ],
                "interface": [],
                "kernel": "linode/grub2",
                "label": "My CentOS 7 Disk Profile",
                "memory_limit": 0,
                "root_device": "/dev/sda",
                "run_level": "default",
                "virt_mode": "paravirt"
              }
            ],
            "disk": [
              {
                "authorized_keys": [],
                "authorized_users": [],
                "filesystem": "ext4",
                "id": 69650176,
                "image": "",
                "label": "CentOS 7 Disk",
                "read_only": false,
                "root_pass": "",
                "size": 25088,
                "stackscript_data": {},
                "stackscript_id": 0
              },
              {
                "authorized_keys": [],
                "authorized_users": [],
                "filesystem": "swap",
                "id": 69650177,
                "image": "",
                "label": "512 MB Swap Image",
                "read_only": false,
                "root_pass": "",
                "size": 512,
                "stackscript_data": {},
                "stackscript_id": 0
              }
            ],
            "group": "",
            "id": "34613404",
            "image": "linode/centos7",
            "interface": [],
            "ip_address": "194.195.116.153",
            "ipv4": [
              "194.195.116.153"
            ],
            "ipv6": "2400:8904::f03c:93ff:fe98:2781/128",
            "label": "linode34613404",
            "private_ip": false,
            "private_ip_address": null,
            "region": "ap-west",
            "root_pass": "FlPbNY8f1NSioTjXjKiP/gFxBBUOPneTZwiEXTEKw9pydi7IZpIIqnx66KxJQ6mWhzqfFntGq8OkYkWPxd70gg==",
            "specs": [
              {
                "disk": 25600,
                "memory": 1024,
                "transfer": 1000,
                "vcpus": 1
              }
            ],
            "stackscript_data": null,
            "stackscript_id": null,
            "status": "running",
            "swap_size": 512,
            "tags": null,
            "timeouts": null,
            "type": "g6-nanode-1",
            "watchdog_enabled": true
          },
          "sensitive_attributes": [],
          "private": "eyJlMmJmYjczMC1lY2FhLTExZTYtOGY4OC0zNDM2M2JjN2M0YzAiOnsiY3JlYXRlIjo2MDAwMDAwMDAwMDAsImRlbGV0ZSI6NjAwMDAwMDAwMDAwLCJ1cGRhdGUiOjEyMDAwMDAwMDAwMDB9fQ=="
        }
      ]
    }
  ]
}
